# This file was autogenerated by Stack.
# You should not edit this file by hand.
# For more information, please see the documentation at:
#   https://docs.haskellstack.org/en/stable/topics/lock_files

packages:
- completed:
    hackage: http-tower-hs-0.2.0.0@sha256:7d0eb46186857722fa5eb0416664bd9e8a8b368d04dfe277c5b132b12cfc34e9,3629
    pantry-tree:
      sha256: d99c5408551600482acbe569e1eb1a146384a38a173f6263486a18f09a0dc88f
      size: 1935
  original:
    hackage: http-tower-hs-0.2.0.0
- completed:
    hackage: tower-hs-0.1.0.0@sha256:b59a1b3854ce787cdf366382186446dd94715aaf6189e93289b34d01dba97a52,2756
    pantry-tree:
      sha256: 7e09e4589e6ab544784b1620c5219f818678baf3653593b0a903864a987ba117
      size: 2067
  original:
    hackage: tower-hs-0.1.0.0
- completed:
    hackage: hs-opentelemetry-api-0.3.1.0@sha256:54ab25b0764464733be287ced1b6aab70c12d99c7ec933b7415a59914d531dc5,4199
    pantry-tree:
      sha256: a4ec6af0393c57f6c45848ea949cc4a185051bac037df6fd6258df547965c4ba
      size: 4709
  original:
    hackage: hs-opentelemetry-api-0.3.1.0
- completed:
    hackage: thread-utils-context-0.3.0.4@sha256:e763da1c6cab3b6d378fb670ca74aa9bf03c9b61b6fcf7628c56363fb0e3e71e,1671
    pantry-tree:
      sha256: 57d909a991b5e0b4c7a28121cb52ee9c2db6c09e0419b89af6c82fae52be88d4
      size: 397
  original:
    hackage: thread-utils-context-0.3.0.4
- completed:
    hackage: thread-utils-finalizers-0.1.1.0@sha256:24944b71d9f1d01695a5908b4a3b44838fab870883114a323336d537995e0a5b,1381
    pantry-tree:
      sha256: 8c2c2e2e22c20bf3696ee6f30b50b3a9eeae187a22beb536441eefb0a3f9c549
      size: 400
  original:
    hackage: thread-utils-finalizers-0.1.1.0
- completed:
    hackage: testcontainers-0.5.2.0@sha256:08c1cd6276c031d8133ae08042462fdb7b6b47137c4f53a0ee7ff45ded7c6486,2536
    pantry-tree:
      sha256: 4a46bf5a20c8d354586f4b790f5b222e7354706f95e22b1e0e81e7581e9cfa29
      size: 1396
  original:
    hackage: testcontainers-0.5.2.0
- completed:
    hackage: mysql-haskell-1.1.4@sha256:3a3d9022168bda3bc30f86f7453c9104ee3ca67bb78c564009504cc9d7bcaed8,5137
    pantry-tree:
      sha256: b8881e0c71ca770f379b0a4d4679a33f21c9e7cbee5256321b0c43f7d1e6b8de
      size: 4968
  original:
    hackage: mysql-haskell-1.1.4
- completed:
    hackage: tcp-streams-1.0.1.1@sha256:35e9ecfa515797052f8c3c01834d2daebd5e93f3152c7fc98b32652bf6f0c052,2329
    pantry-tree:
      sha256: 572071fca40a0b6c4cc950d10277a6f12e83cf4846882b6ef83fcccaa2c18c45
      size: 1004
  original:
    hackage: tcp-streams-1.0.1.1
- completed:
    hackage: wire-streams-0.1.1.0@sha256:08816c7fa53b20f52e5c465252c106d9de8e6d9580ec0b6d9f000a34c7bcefc8,2130
    pantry-tree:
      sha256: c99a12bfcbeacc5da8f166fbed1eb105a45f08be1a3a071fe9f903b386b14e1d
      size: 506
  original:
    hackage: wire-streams-0.1.1.0
- completed:
    hackage: crypton-0.34@sha256:9e4b50d79d1fba681befa08151db7223d2b4bb72564853e8530e614105d53a1a,14577
    pantry-tree:
      sha256: 85f438e6d328fc2e464c8914a08089ff312044b96ac155a25747512e440e0a12
      size: 23275
  original:
    hackage: crypton-0.34@sha256:9e4b50d79d1fba681befa08151db7223d2b4bb72564853e8530e614105d53a1a,14577
- completed:
    hackage: tls-2.0.6@sha256:387db273062241f460b9e85e86ce085877a5958a65cc30946bcc624a9f5274e2,6358
    pantry-tree:
      sha256: b60b3c6f5cf72a9ea8a4311a794d1b23c1bedd4bad1e6a1ca0784d97f1a82bac
      size: 6451
  original:
    hackage: tls-2.0.6@sha256:387db273062241f460b9e85e86ce085877a5958a65cc30946bcc624a9f5274e2,6358
snapshots:
- completed:
    sha256: d133abe75e408a407cce3f032c96ac1bbadf474a93b5156ebf4135b53382d56b
    size: 683827
    url: https://raw.githubusercontent.com/commercialhaskell/stackage-snapshots/master/lts/23/18.yaml
  original: lts-23.18
